
Microsoft Visual Studio Solution File, Format Version 12.00
# Visual Studio Version 17
VisualStudioVersion = 17.4.33213.308
MinimumVisualStudioVersion = 10.0.40219.1
Project("{FAE04EC0-301F-11D3-BF4B-00C04F79EFBC}") = "UiDesktopApp2", "UiDesktopApp2\UiDesktopApp2.csproj", "{48645458-CAA1-4A41-AFEA-292208F6D44F}"
EndProject
Global
	GlobalSection(SolutionConfigurationPlatforms) = preSolution
		Debug|Any CPU = Debug|Any CPU
		Release|Any CPU = Release|Any CPU
	EndGlobalSection
	GlobalSection(ProjectConfigurationPlatforms) = postSolution
		{48645458-CAA1-4A41-AFEA-292208F6D44F}.Debug|Any CPU.ActiveCfg = Debug|Any CPU
		{48645458-CAA1-4A41-AFEA-292208F6D44F}.Debug|Any CPU.Build.0 = Debug|Any CPU
		{48645458-CAA1-4A41-AFEA-292208F6D44F}.Release|Any CPU.ActiveCfg = Release|Any CPU
		{48645458-CAA1-4A41-AFEA-292208F6D44F}.Release|Any CPU.Build.0 = Release|Any CPU
	EndGlobalSection
	GlobalSection(SolutionProperties) = preSolution
		HideSolutionNode = FALSE
	EndGlobalSection
	GlobalSection(ExtensibilityGlobals) = postSolution
		SolutionGuid = {6668970C-F2C0-42EC-B5A1-520D04AC93DF}
	EndGlobalSection
EndGlobal
