
Microsoft Visual Studio Solution File, Format Version 12.00
# Visual Studio Version 17
VisualStudioVersion = 17.4.33213.308
MinimumVisualStudioVersion = 10.0.40219.1
Project("{FAE04EC0-301F-11D3-BF4B-00C04F79EFBC}") = "UiDesktopApp3", "UiDesktopApp3\UiDesktopApp3.csproj", "{059CEE2B-C8E5-4280-99BE-44106344C079}"
EndProject
Global
	GlobalSection(SolutionConfigurationPlatforms) = preSolution
		Debug|Any CPU = Debug|Any CPU
		Release|Any CPU = Release|Any CPU
	EndGlobalSection
	GlobalSection(ProjectConfigurationPlatforms) = postSolution
		{059CEE2B-C8E5-4280-99BE-44106344C079}.Debug|Any CPU.ActiveCfg = Debug|Any CPU
		{059CEE2B-C8E5-4280-99BE-44106344C079}.Debug|Any CPU.Build.0 = Debug|Any CPU
		{059CEE2B-C8E5-4280-99BE-44106344C079}.Release|Any CPU.ActiveCfg = Release|Any CPU
		{059CEE2B-C8E5-4280-99BE-44106344C079}.Release|Any CPU.Build.0 = Release|Any CPU
	EndGlobalSection
	GlobalSection(SolutionProperties) = preSolution
		HideSolutionNode = FALSE
	EndGlobalSection
	GlobalSection(ExtensibilityGlobals) = postSolution
		SolutionGuid = {0AA7323B-6679-4F2D-B7EB-6C1A86030988}
	EndGlobalSection
EndGlobal
